// !$*UTF8*$!
{
	archiveVersion = 1;
	classes = {
	};
	objectVersion = 46;
	objects = {

/* Begin PBXBuildFile section */
		C299664319286CE20075AAE1 /* Foundation.framework in Frameworks */ = {isa = PBXBuildFile; fileRef = C299664219286CE20075AAE1 /* Foundation.framework */; };
		C299664519286CE20075AAE1 /* CoreGraphics.framework in Frameworks */ = {isa = PBXBuildFile; fileRef = C299664419286CE20075AAE1 /* CoreGraphics.framework */; };
		C299664719286CE20075AAE1 /* UIKit.framework in Frameworks */ = {isa = PBXBuildFile; fileRef = C299664619286CE20075AAE1 /* UIKit.framework */; };
		C299664D19286CE20075AAE1 /* InfoPlist.strings in Resources */ = {isa = PBXBuildFile; fileRef = C299664B19286CE20075AAE1 /* InfoPlist.strings */; };
		C299664F19286CE20075AAE1 /* main.m in Sources */ = {isa = PBXBuildFile; fileRef = C299664E19286CE20075AAE1 /* main.m */; };
		C299665619286CE20075AAE1 /* Main_iPhone.storyboard in Resources */ = {isa = PBXBuildFile; fileRef = C299665419286CE20075AAE1 /* Main_iPhone.storyboard */; };
		C299665919286CE20075AAE1 /* Main_iPad.storyboard in Resources */ = {isa = PBXBuildFile; fileRef = C299665719286CE20075AAE1 /* Main_iPad.storyboard */; };
		C299665E19286CE20075AAE1 /* Images.xcassets in Resources */ = {isa = PBXBuildFile; fileRef = C299665D19286CE20075AAE1 /* Images.xcassets */; };
		C299666519286CE20075AAE1 /* XCTest.framework in Frameworks */ = {isa = PBXBuildFile; fileRef = C299666419286CE20075AAE1 /* XCTest.framework */; };
		C299666619286CE20075AAE1 /* Foundation.framework in Frameworks */ = {isa = PBXBuildFile; fileRef = C299664219286CE20075AAE1 /* Foundation.framework */; };
		C299666719286CE20075AAE1 /* UIKit.framework in Frameworks */ = {isa = PBXBuildFile; fileRef = C299664619286CE20075AAE1 /* UIKit.framework */; };
		C299666F19286CE20075AAE1 /* InfoPlist.strings in Resources */ = {isa = PBXBuildFile; fileRef = C299666D19286CE20075AAE1 /* InfoPlist.strings */; };
		C299667119286CE20075AAE1 /* In_AppPurchaseSampleTests.m in Sources */ = {isa = PBXBuildFile; fileRef = C299667019286CE20075AAE1 /* In_AppPurchaseSampleTests.m */; };
		C299668919286D330075AAE1 /* AppDelegate.m in Sources */ = {isa = PBXBuildFile; fileRef = C299667D19286D330075AAE1 /* AppDelegate.m */; };
		C299668A19286D330075AAE1 /* NetworkActivityManager.m in Sources */ = {isa = PBXBuildFile; fileRef = C299668019286D330075AAE1 /* NetworkActivityManager.m */; };
		C299668B19286D330075AAE1 /* Reachability.m in Sources */ = {isa = PBXBuildFile; fileRef = C299668219286D330075AAE1 /* Reachability.m */; };
		C299668C19286D330075AAE1 /* InAppPurchase.m in Sources */ = {isa = PBXBuildFile; fileRef = C299668519286D330075AAE1 /* InAppPurchase.m */; };
		C299668D19286D330075AAE1 /* ViewController.m in Sources */ = {isa = PBXBuildFile; fileRef = C299668819286D330075AAE1 /* ViewController.m */; };
		C299669419286DC60075AAE1 /* Localizable.strings in Resources */ = {isa = PBXBuildFile; fileRef = C299669619286DC60075AAE1 /* Localizable.strings */; };
		C29966A019286FE90075AAE1 /* DCActivityIndicator.m in Sources */ = {isa = PBXBuildFile; fileRef = C299669B19286FE90075AAE1 /* DCActivityIndicator.m */; };
		C29966A119286FE90075AAE1 /* DCDevice.m in Sources */ = {isa = PBXBuildFile; fileRef = C299669D19286FE90075AAE1 /* DCDevice.m */; };
		C29966A219286FE90075AAE1 /* DCUtil.m in Sources */ = {isa = PBXBuildFile; fileRef = C299669F19286FE90075AAE1 /* DCUtil.m */; };
/* End PBXBuildFile section */

/* Begin PBXContainerItemProxy section */
		C299666819286CE20075AAE1 /* PBXContainerItemProxy */ = {
			isa = PBXContainerItemProxy;
			containerPortal = C299663719286CE20075AAE1 /* Project object */;
			proxyType = 1;
			remoteGlobalIDString = C299663E19286CE20075AAE1;
			remoteInfo = "In-AppPurchaseSample";
		};
/* End PBXContainerItemProxy section */

/* Begin PBXFileReference section */
		C299663F19286CE20075AAE1 /* In-AppPurchaseSample.app */ = {isa = PBXFileReference; explicitFileType = wrapper.application; includeInIndex = 0; path = "In-AppPurchaseSample.app"; sourceTree = BUILT_PRODUCTS_DIR; };
		C299664219286CE20075AAE1 /* Foundation.framework */ = {isa = PBXFileReference; lastKnownFileType = wrapper.framework; name = Foundation.framework; path = System/Library/Frameworks/Foundation.framework; sourceTree = SDKROOT; };
		C299664419286CE20075AAE1 /* CoreGraphics.framework */ = {isa = PBXFileReference; lastKnownFileType = wrapper.framework; name = CoreGraphics.framework; path = System/Library/Frameworks/CoreGraphics.framework; sourceTree = SDKROOT; };
		C299664619286CE20075AAE1 /* UIKit.framework */ = {isa = PBXFileReference; lastKnownFileType = wrapper.framework; name = UIKit.framework; path = System/Library/Frameworks/UIKit.framework; sourceTree = SDKROOT; };
		C299664A19286CE20075AAE1 /* In-AppPurchaseSample-Info.plist */ = {isa = PBXFileReference; lastKnownFileType = text.plist.xml; path = "In-AppPurchaseSample-Info.plist"; sourceTree = "<group>"; };
		C299664C19286CE20075AAE1 /* en */ = {isa = PBXFileReference; lastKnownFileType = text.plist.strings; name = en; path = en.lproj/InfoPlist.strings; sourceTree = "<group>"; };
		C299664E19286CE20075AAE1 /* main.m */ = {isa = PBXFileReference; lastKnownFileType = sourcecode.c.objc; path = main.m; sourceTree = "<group>"; };
		C299665019286CE20075AAE1 /* In-AppPurchaseSample-Prefix.pch */ = {isa = PBXFileReference; lastKnownFileType = sourcecode.c.h; path = "In-AppPurchaseSample-Prefix.pch"; sourceTree = "<group>"; };
		C299665519286CE20075AAE1 /* Base */ = {isa = PBXFileReference; lastKnownFileType = file.storyboard; name = Base; path = Base.lproj/Main_iPhone.storyboard; sourceTree = "<group>"; };
		C299665819286CE20075AAE1 /* Base */ = {isa = PBXFileReference; lastKnownFileType = file.storyboard; name = Base; path = Base.lproj/Main_iPad.storyboard; sourceTree = "<group>"; };
		C299665D19286CE20075AAE1 /* Images.xcassets */ = {isa = PBXFileReference; lastKnownFileType = folder.assetcatalog; path = Images.xcassets; sourceTree = "<group>"; };
		C299666319286CE20075AAE1 /* In-AppPurchaseSampleTests.xctest */ = {isa = PBXFileReference; explicitFileType = wrapper.cfbundle; includeInIndex = 0; path = "In-AppPurchaseSampleTests.xctest"; sourceTree = BUILT_PRODUCTS_DIR; };
		C299666419286CE20075AAE1 /* XCTest.framework */ = {isa = PBXFileReference; lastKnownFileType = wrapper.framework; name = XCTest.framework; path = Library/Frameworks/XCTest.framework; sourceTree = DEVELOPER_DIR; };
		C299666C19286CE20075AAE1 /* In-AppPurchaseSampleTests-Info.plist */ = {isa = PBXFileReference; lastKnownFileType = text.plist.xml; path = "In-AppPurchaseSampleTests-Info.plist"; sourceTree = "<group>"; };
		C299666E19286CE20075AAE1 /* en */ = {isa = PBXFileReference; lastKnownFileType = text.plist.strings; name = en; path = en.lproj/InfoPlist.strings; sourceTree = "<group>"; };
		C299667019286CE20075AAE1 /* In_AppPurchaseSampleTests.m */ = {isa = PBXFileReference; lastKnownFileType = sourcecode.c.objc; path = In_AppPurchaseSampleTests.m; sourceTree = "<group>"; };
		C299667C19286D330075AAE1 /* AppDelegate.h */ = {isa = PBXFileReference; fileEncoding = 4; lastKnownFileType = sourcecode.c.h; path = AppDelegate.h; sourceTree = "<group>"; };
		C299667D19286D330075AAE1 /* AppDelegate.m */ = {isa = PBXFileReference; fileEncoding = 4; lastKnownFileType = sourcecode.c.objc; path = AppDelegate.m; sourceTree = "<group>"; };
		C299667F19286D330075AAE1 /* NetworkActivityManager.h */ = {isa = PBXFileReference; fileEncoding = 4; lastKnownFileType = sourcecode.c.h; path = NetworkActivityManager.h; sourceTree = "<group>"; };
		C299668019286D330075AAE1 /* NetworkActivityManager.m */ = {isa = PBXFileReference; fileEncoding = 4; lastKnownFileType = sourcecode.c.objc; path = NetworkActivityManager.m; sourceTree = "<group>"; };
		C299668119286D330075AAE1 /* Reachability.h */ = {isa = PBXFileReference; fileEncoding = 4; lastKnownFileType = sourcecode.c.h; path = Reachability.h; sourceTree = "<group>"; };
		C299668219286D330075AAE1 /* Reachability.m */ = {isa = PBXFileReference; fileEncoding = 4; lastKnownFileType = sourcecode.c.objc; path = Reachability.m; sourceTree = "<group>"; };
		C299668419286D330075AAE1 /* InAppPurchase.h */ = {isa = PBXFileReference; fileEncoding = 4; lastKnownFileType = sourcecode.c.h; path = InAppPurchase.h; sourceTree = "<group>"; };
		C299668519286D330075AAE1 /* InAppPurchase.m */ = {isa = PBXFileReference; fileEncoding = 4; lastKnownFileType = sourcecode.c.objc; path = InAppPurchase.m; sourceTree = "<group>"; };
		C299668719286D330075AAE1 /* ViewController.h */ = {isa = PBXFileReference; fileEncoding = 4; lastKnownFileType = sourcecode.c.h; path = ViewController.h; sourceTree = "<group>"; };
		C299668819286D330075AAE1 /* ViewController.m */ = {isa = PBXFileReference; fileEncoding = 4; lastKnownFileType = sourcecode.c.objc; path = ViewController.m; sourceTree = "<group>"; };
		C299669019286DAF0075AAE1 /* ja */ = {isa = PBXFileReference; lastKnownFileType = text.plist.strings; name = ja; path = ja.lproj/InfoPlist.strings; sourceTree = "<group>"; };
		C299669119286DAF0075AAE1 /* ja */ = {isa = PBXFileReference; lastKnownFileType = text.plist.strings; name = ja; path = ja.lproj/Main_iPhone.strings; sourceTree = "<group>"; };
		C299669219286DAF0075AAE1 /* ja */ = {isa = PBXFileReference; lastKnownFileType = text.plist.strings; name = ja; path = ja.lproj/Main_iPad.strings; sourceTree = "<group>"; };
		C299669319286DAF0075AAE1 /* ja */ = {isa = PBXFileReference; lastKnownFileType = text.plist.strings; name = ja; path = ja.lproj/InfoPlist.strings; sourceTree = "<group>"; };
		C299669519286DC60075AAE1 /* ja */ = {isa = PBXFileReference; lastKnownFileType = text.plist.strings; name = ja; path = ja.lproj/Localizable.strings; sourceTree = "<group>"; };
		C299669819286DD20075AAE1 /* en */ = {isa = PBXFileReference; lastKnownFileType = text.plist.strings; name = en; path = en.lproj/Localizable.strings; sourceTree = "<group>"; };
		C299669A19286FE90075AAE1 /* DCActivityIndicator.h */ = {isa = PBXFileReference; fileEncoding = 4; lastKnownFileType = sourcecode.c.h; path = DCActivityIndicator.h; sourceTree = "<group>"; };
		C299669B19286FE90075AAE1 /* DCActivityIndicator.m */ = {isa = PBXFileReference; fileEncoding = 4; lastKnownFileType = sourcecode.c.objc; path = DCActivityIndicator.m; sourceTree = "<group>"; };
		C299669C19286FE90075AAE1 /* DCDevice.h */ = {isa = PBXFileReference; fileEncoding = 4; lastKnownFileType = sourcecode.c.h; path = DCDevice.h; sourceTree = "<group>"; };
		C299669D19286FE90075AAE1 /* DCDevice.m */ = {isa = PBXFileReference; fileEncoding = 4; lastKnownFileType = sourcecode.c.objc; path = DCDevice.m; sourceTree = "<group>"; };
		C299669E19286FE90075AAE1 /* DCUtil.h */ = {isa = PBXFileReference; fileEncoding = 4; lastKnownFileType = sourcecode.c.h; path = DCUtil.h; sourceTree = "<group>"; };
		C299669F19286FE90075AAE1 /* DCUtil.m */ = {isa = PBXFileReference; fileEncoding = 4; lastKnownFileType = sourcecode.c.objc; path = DCUtil.m; sourceTree = "<group>"; };
/* End PBXFileReference section */

/* Begin PBXFrameworksBuildPhase section */
		C299663C19286CE20075AAE1 /* Frameworks */ = {
			isa = PBXFrameworksBuildPhase;
			buildActionMask = 2147483647;
			files = (
				C299664519286CE20075AAE1 /* CoreGraphics.framework in Frameworks */,
				C299664719286CE20075AAE1 /* UIKit.framework in Frameworks */,
				C299664319286CE20075AAE1 /* Foundation.framework in Frameworks */,
			);
			runOnlyForDeploymentPostprocessing = 0;
		};
		C299666019286CE20075AAE1 /* Frameworks */ = {
			isa = PBXFrameworksBuildPhase;
			buildActionMask = 2147483647;
			files = (
				C299666519286CE20075AAE1 /* XCTest.framework in Frameworks */,
				C299666719286CE20075AAE1 /* UIKit.framework in Frameworks */,
				C299666619286CE20075AAE1 /* Foundation.framework in Frameworks */,
			);
			runOnlyForDeploymentPostprocessing = 0;
		};
/* End PBXFrameworksBuildPhase section */

/* Begin PBXGroup section */
		C299663619286CE20075AAE1 = {
			isa = PBXGroup;
			children = (
				C299664819286CE20075AAE1 /* In-AppPurchaseSample */,
				C299666A19286CE20075AAE1 /* In-AppPurchaseSampleTests */,
				C299664119286CE20075AAE1 /* Frameworks */,
				C299664019286CE20075AAE1 /* Products */,
			);
			sourceTree = "<group>";
		};
		C299664019286CE20075AAE1 /* Products */ = {
			isa = PBXGroup;
			children = (
				C299663F19286CE20075AAE1 /* In-AppPurchaseSample.app */,
				C299666319286CE20075AAE1 /* In-AppPurchaseSampleTests.xctest */,
			);
			name = Products;
			sourceTree = "<group>";
		};
		C299664119286CE20075AAE1 /* Frameworks */ = {
			isa = PBXGroup;
			children = (
				C299664219286CE20075AAE1 /* Foundation.framework */,
				C299664419286CE20075AAE1 /* CoreGraphics.framework */,
				C299664619286CE20075AAE1 /* UIKit.framework */,
				C299666419286CE20075AAE1 /* XCTest.framework */,
			);
			name = Frameworks;
			sourceTree = "<group>";
		};
		C299664819286CE20075AAE1 /* In-AppPurchaseSample */ = {
			isa = PBXGroup;
			children = (
				C299667A19286D330075AAE1 /* Classes */,
				C299664919286CE20075AAE1 /* Supporting Files */,
			);
			path = "In-AppPurchaseSample";
			sourceTree = "<group>";
		};
		C299664919286CE20075AAE1 /* Supporting Files */ = {
			isa = PBXGroup;
			children = (
				C299665419286CE20075AAE1 /* Main_iPhone.storyboard */,
				C299665719286CE20075AAE1 /* Main_iPad.storyboard */,
				C299665D19286CE20075AAE1 /* Images.xcassets */,
				C299664A19286CE20075AAE1 /* In-AppPurchaseSample-Info.plist */,
				C299664B19286CE20075AAE1 /* InfoPlist.strings */,
				C299669619286DC60075AAE1 /* Localizable.strings */,
				C299664E19286CE20075AAE1 /* main.m */,
				C299665019286CE20075AAE1 /* In-AppPurchaseSample-Prefix.pch */,
			);
			name = "Supporting Files";
			sourceTree = "<group>";
		};
		C299666A19286CE20075AAE1 /* In-AppPurchaseSampleTests */ = {
			isa = PBXGroup;
			children = (
				C299667019286CE20075AAE1 /* In_AppPurchaseSampleTests.m */,
				C299666B19286CE20075AAE1 /* Supporting Files */,
			);
			path = "In-AppPurchaseSampleTests";
			sourceTree = "<group>";
		};
		C299666B19286CE20075AAE1 /* Supporting Files */ = {
			isa = PBXGroup;
			children = (
				C299666C19286CE20075AAE1 /* In-AppPurchaseSampleTests-Info.plist */,
				C299666D19286CE20075AAE1 /* InfoPlist.strings */,
			);
			name = "Supporting Files";
			sourceTree = "<group>";
		};
		C299667A19286D330075AAE1 /* Classes */ = {
			isa = PBXGroup;
			children = (
				C299667B19286D330075AAE1 /* Common */,
				C299667E19286D330075AAE1 /* Connection */,
				C299669919286FE90075AAE1 /* DCLibrary */,
				C299668319286D330075AAE1 /* In-AppPurchase */,
				C299668619286D330075AAE1 /* Screen */,
			);
			path = Classes;
			sourceTree = "<group>";
		};
		C299667B19286D330075AAE1 /* Common */ = {
			isa = PBXGroup;
			children = (
				C299667C19286D330075AAE1 /* AppDelegate.h */,
				C299667D19286D330075AAE1 /* AppDelegate.m */,
			);
			path = Common;
			sourceTree = "<group>";
		};
		C299667E19286D330075AAE1 /* Connection */ = {
			isa = PBXGroup;
			children = (
				C299667F19286D330075AAE1 /* NetworkActivityManager.h */,
				C299668019286D330075AAE1 /* NetworkActivityManager.m */,
				C299668119286D330075AAE1 /* Reachability.h */,
				C299668219286D330075AAE1 /* Reachability.m */,
			);
			path = Connection;
			sourceTree = "<group>";
		};
		C299668319286D330075AAE1 /* In-AppPurchase */ = {
			isa = PBXGroup;
			children = (
				C299668419286D330075AAE1 /* InAppPurchase.h */,
				C299668519286D330075AAE1 /* InAppPurchase.m */,
			);
			path = "In-AppPurchase";
			sourceTree = "<group>";
		};
		C299668619286D330075AAE1 /* Screen */ = {
			isa = PBXGroup;
			children = (
				C299668719286D330075AAE1 /* ViewController.h */,
				C299668819286D330075AAE1 /* ViewController.m */,
			);
			path = Screen;
			sourceTree = "<group>";
		};
		C299669919286FE90075AAE1 /* DCLibrary */ = {
			isa = PBXGroup;
			children = (
				C299669A19286FE90075AAE1 /* DCActivityIndicator.h */,
				C299669B19286FE90075AAE1 /* DCActivityIndicator.m */,
				C299669C19286FE90075AAE1 /* DCDevice.h */,
				C299669D19286FE90075AAE1 /* DCDevice.m */,
				C299669E19286FE90075AAE1 /* DCUtil.h */,
				C299669F19286FE90075AAE1 /* DCUtil.m */,
			);
			path = DCLibrary;
			sourceTree = "<group>";
		};
/* End PBXGroup section */

/* Begin PBXNativeTarget section */
		C299663E19286CE20075AAE1 /* In-AppPurchaseSample */ = {
			isa = PBXNativeTarget;
			buildConfigurationList = C299667419286CE20075AAE1 /* Build configuration list for PBXNativeTarget "In-AppPurchaseSample" */;
			buildPhases = (
				C299663B19286CE20075AAE1 /* Sources */,
				C299663C19286CE20075AAE1 /* Frameworks */,
				C299663D19286CE20075AAE1 /* Resources */,
			);
			buildRules = (
			);
			dependencies = (
			);
			name = "In-AppPurchaseSample";
			productName = "In-AppPurchaseSample";
			productReference = C299663F19286CE20075AAE1 /* In-AppPurchaseSample.app */;
			productType = "com.apple.product-type.application";
		};
		C299666219286CE20075AAE1 /* In-AppPurchaseSampleTests */ = {
			isa = PBXNativeTarget;
			buildConfigurationList = C299667719286CE20075AAE1 /* Build configuration list for PBXNativeTarget "In-AppPurchaseSampleTests" */;
			buildPhases = (
				C299665F19286CE20075AAE1 /* Sources */,
				C299666019286CE20075AAE1 /* Frameworks */,
				C299666119286CE20075AAE1 /* Resources */,
			);
			buildRules = (
			);
			dependencies = (
				C299666919286CE20075AAE1 /* PBXTargetDependency */,
			);
			name = "In-AppPurchaseSampleTests";
			productName = "In-AppPurchaseSampleTests";
			productReference = C299666319286CE20075AAE1 /* In-AppPurchaseSampleTests.xctest */;
			productType = "com.apple.product-type.bundle.unit-test";
		};
/* End PBXNativeTarget section */

/* Begin PBXProject section */
		C299663719286CE20075AAE1 /* Project object */ = {
			isa = PBXProject;
			attributes = {
				LastUpgradeCheck = 0510;
				ORGANIZATIONNAME = Dolice;
				TargetAttributes = {
					C299666219286CE20075AAE1 = {
						TestTargetID = C299663E19286CE20075AAE1;
					};
				};
			};
			buildConfigurationList = C299663A19286CE20075AAE1 /* Build configuration list for PBXProject "In-AppPurchaseSample" */;
			compatibilityVersion = "Xcode 3.2";
			developmentRegion = English;
			hasScannedForEncodings = 0;
			knownRegions = (
				en,
				Base,
				ja,
			);
			mainGroup = C299663619286CE20075AAE1;
			productRefGroup = C299664019286CE20075AAE1 /* Products */;
			projectDirPath = "";
			projectRoot = "";
			targets = (
				C299663E19286CE20075AAE1 /* In-AppPurchaseSample */,
				C299666219286CE20075AAE1 /* In-AppPurchaseSampleTests */,
			);
		};
/* End PBXProject section */

/* Begin PBXResourcesBuildPhase section */
		C299663D19286CE20075AAE1 /* Resources */ = {
			isa = PBXResourcesBuildPhase;
			buildActionMask = 2147483647;
			files = (
				C299669419286DC60075AAE1 /* Localizable.strings in Resources */,
				C299665919286CE20075AAE1 /* Main_iPad.storyboard in Resources */,
				C299665E19286CE20075AAE1 /* Images.xcassets in Resources */,
				C299665619286CE20075AAE1 /* Main_iPhone.storyboard in Resources */,
				C299664D19286CE20075AAE1 /* InfoPlist.strings in Resources */,
			);
			runOnlyForDeploymentPostprocessing = 0;
		};
		C299666119286CE20075AAE1 /* Resources */ = {
			isa = PBXResourcesBuildPhase;
			buildActionMask = 2147483647;
			files = (
				C299666F19286CE20075AAE1 /* InfoPlist.strings in Resources */,
			);
			runOnlyForDeploymentPostprocessing = 0;
		};
/* End PBXResourcesBuildPhase section */

/* Begin PBXSourcesBuildPhase section */
		C299663B19286CE20075AAE1 /* Sources */ = {
			isa = PBXSourcesBuildPhase;
			buildActionMask = 2147483647;
			files = (
				C299668D19286D330075AAE1 /* ViewController.m in Sources */,
				C299668919286D330075AAE1 /* AppDelegate.m in Sources */,
				C29966A219286FE90075AAE1 /* DCUtil.m in Sources */,
				C299668A19286D330075AAE1 /* NetworkActivityManager.m in Sources */,
				C299668B19286D330075AAE1 /* Reachability.m in Sources */,
				C29966A119286FE90075AAE1 /* DCDevice.m in Sources */,
				C299664F19286CE20075AAE1 /* main.m in Sources */,
				C299668C19286D330075AAE1 /* InAppPurchase.m in Sources */,
				C29966A019286FE90075AAE1 /* DCActivityIndicator.m in Sources */,
			);
			runOnlyForDeploymentPostprocessing = 0;
		};
		C299665F19286CE20075AAE1 /* Sources */ = {
			isa = PBXSourcesBuildPhase;
			buildActionMask = 2147483647;
			files = (
				C299667119286CE20075AAE1 /* In_AppPurchaseSampleTests.m in Sources */,
			);
			runOnlyForDeploymentPostprocessing = 0;
		};
/* End PBXSourcesBuildPhase section */

/* Begin PBXTargetDependency section */
		C299666919286CE20075AAE1 /* PBXTargetDependency */ = {
			isa = PBXTargetDependency;
			target = C299663E19286CE20075AAE1 /* In-AppPurchaseSample */;
			targetProxy = C299666819286CE20075AAE1 /* PBXContainerItemProxy */;
		};
/* End PBXTargetDependency section */

/* Begin PBXVariantGroup section */
		C299664B19286CE20075AAE1 /* InfoPlist.strings */ = {
			isa = PBXVariantGroup;
			children = (
				C299664C19286CE20075AAE1 /* en */,
				C299669019286DAF0075AAE1 /* ja */,
			);
			name = InfoPlist.strings;
			sourceTree = "<group>";
		};
		C299665419286CE20075AAE1 /* Main_iPhone.storyboard */ = {
			isa = PBXVariantGroup;
			children = (
				C299665519286CE20075AAE1 /* Base */,
				C299669119286DAF0075AAE1 /* ja */,
			);
			name = Main_iPhone.storyboard;
			sourceTree = "<group>";
		};
		C299665719286CE20075AAE1 /* Main_iPad.storyboard */ = {
			isa = PBXVariantGroup;
			children = (
				C299665819286CE20075AAE1 /* Base */,
				C299669219286DAF0075AAE1 /* ja */,
			);
			name = Main_iPad.storyboard;
			sourceTree = "<group>";
		};
		C299666D19286CE20075AAE1 /* InfoPlist.strings */ = {
			isa = PBXVariantGroup;
			children = (
				C299666E19286CE20075AAE1 /* en */,
				C299669319286DAF0075AAE1 /* ja */,
			);
			name = InfoPlist.strings;
			sourceTree = "<group>";
		};
		C299669619286DC60075AAE1 /* Localizable.strings */ = {
			isa = PBXVariantGroup;
			children = (
				C299669519286DC60075AAE1 /* ja */,
				C299669819286DD20075AAE1 /* en */,
			);
			name = Localizable.strings;
			sourceTree = "<group>";
		};
/* End PBXVariantGroup section */

/* Begin XCBuildConfiguration section */
		C299667219286CE20075AAE1 /* Debug */ = {
			isa = XCBuildConfiguration;
			buildSettings = {
				ALWAYS_SEARCH_USER_PATHS = NO;
				CLANG_CXX_LANGUAGE_STANDARD = "gnu++0x";
				CLANG_CXX_LIBRARY = "libc++";
				CLANG_ENABLE_MODULES = YES;
				CLANG_ENABLE_OBJC_ARC = YES;
				CLANG_WARN_BOOL_CONVERSION = YES;
				CLANG_WARN_CONSTANT_CONVERSION = YES;
				CLANG_WARN_DIRECT_OBJC_ISA_USAGE = YES_ERROR;
				CLANG_WARN_EMPTY_BODY = YES;
				CLANG_WARN_ENUM_CONVERSION = YES;
				CLANG_WARN_INT_CONVERSION = YES;
				CLANG_WARN_OBJC_ROOT_CLASS = YES_ERROR;
				CLANG_WARN__DUPLICATE_METHOD_MATCH = YES;
				"CODE_SIGN_IDENTITY[sdk=iphoneos*]" = "iPhone Developer";
				COPY_PHASE_STRIP = NO;
				GCC_C_LANGUAGE_STANDARD = gnu99;
				GCC_DYNAMIC_NO_PIC = NO;
				GCC_OPTIMIZATION_LEVEL = 0;
				GCC_PREPROCESSOR_DEFINITIONS = (
					"DEBUG=1",
					"$(inherited)",
				);
				GCC_SYMBOLS_PRIVATE_EXTERN = NO;
				GCC_WARN_64_TO_32_BIT_CONVERSION = YES;
				GCC_WARN_ABOUT_RETURN_TYPE = YES_ERROR;
				GCC_WARN_UNDECLARED_SELECTOR = YES;
				GCC_WARN_UNINITIALIZED_AUTOS = YES_AGGRESSIVE;
				GCC_WARN_UNUSED_FUNCTION = YES;
				GCC_WARN_UNUSED_VARIABLE = NO;
				IPHONEOS_DEPLOYMENT_TARGET = 6.1;
				ONLY_ACTIVE_ARCH = YES;
				SDKROOT = iphoneos;
				TARGETED_DEVICE_FAMILY = "1,2";
			};
			name = Debug;
		};
		C299667319286CE20075AAE1 /* Release */ = {
			isa = XCBuildConfiguration;
			buildSettings = {
				ALWAYS_SEARCH_USER_PATHS = NO;
				CLANG_CXX_LANGUAGE_STANDARD = "gnu++0x";
				CLANG_CXX_LIBRARY = "libc++";
				CLANG_ENABLE_MODULES = YES;
				CLANG_ENABLE_OBJC_ARC = YES;
				CLANG_WARN_BOOL_CONVERSION = YES;
				CLANG_WARN_CONSTANT_CONVERSION = YES;
				CLANG_WARN_DIRECT_OBJC_ISA_USAGE = YES_ERROR;
				CLANG_WARN_EMPTY_BODY = YES;
				CLANG_WARN_ENUM_CONVERSION = YES;
				CLANG_WARN_INT_CONVERSION = YES;
				CLANG_WARN_OBJC_ROOT_CLASS = YES_ERROR;
				CLANG_WARN__DUPLICATE_METHOD_MATCH = YES;
				"CODE_SIGN_IDENTITY[sdk=iphoneos*]" = "iPhone Developer";
				COPY_PHASE_STRIP = YES;
				ENABLE_NS_ASSERTIONS = NO;
				GCC_C_LANGUAGE_STANDARD = gnu99;
				GCC_WARN_64_TO_32_BIT_CONVERSION = YES;
				GCC_WARN_ABOUT_RETURN_TYPE = YES_ERROR;
				GCC_WARN_UNDECLARED_SELECTOR = YES;
				GCC_WARN_UNINITIALIZED_AUTOS = YES_AGGRESSIVE;
				GCC_WARN_UNUSED_FUNCTION = YES;
				GCC_WARN_UNUSED_VARIABLE = NO;
				IPHONEOS_DEPLOYMENT_TARGET = 6.1;
				SDKROOT = iphoneos;
				TARGETED_DEVICE_FAMILY = "1,2";
				VALIDATE_PRODUCT = YES;
			};
			name = Release;
		};
		C299667519286CE20075AAE1 /* Debug */ = {
			isa = XCBuildConfiguration;
			buildSettings = {
				ASSETCATALOG_COMPILER_APPICON_NAME = AppIcon;
				ASSETCATALOG_COMPILER_LAUNCHIMAGE_NAME = LaunchImage;
				GCC_PRECOMPILE_PREFIX_HEADER = YES;
				GCC_PREFIX_HEADER = "In-AppPurchaseSample/In-AppPurchaseSample-Prefix.pch";
				INFOPLIST_FILE = "In-AppPurchaseSample/In-AppPurchaseSample-Info.plist";
				IPHONEOS_DEPLOYMENT_TARGET = 6.1;
				PRODUCT_NAME = "$(TARGET_NAME)";
				WRAPPER_EXTENSION = app;
			};
			name = Debug;
		};
		C299667619286CE20075AAE1 /* Release */ = {
			isa = XCBuildConfiguration;
			buildSettings = {
				ASSETCATALOG_COMPILER_APPICON_NAME = AppIcon;
				ASSETCATALOG_COMPILER_LAUNCHIMAGE_NAME = LaunchImage;
				GCC_PRECOMPILE_PREFIX_HEADER = YES;
				GCC_PREFIX_HEADER = "In-AppPurchaseSample/In-AppPurchaseSample-Prefix.pch";
				INFOPLIST_FILE = "In-AppPurchaseSample/In-AppPurchaseSample-Info.plist";
				IPHONEOS_DEPLOYMENT_TARGET = 6.1;
				PRODUCT_NAME = "$(TARGET_NAME)";
				WRAPPER_EXTENSION = app;
			};
			name = Release;
		};
		C299667819286CE20075AAE1 /* Debug */ = {
			isa = XCBuildConfiguration;
			buildSettings = {
				BUNDLE_LOADER = "$(BUILT_PRODUCTS_DIR)/In-AppPurchaseSample.app/In-AppPurchaseSample";
				FRAMEWORK_SEARCH_PATHS = (
					"$(SDKROOT)/Developer/Library/Frameworks",
					"$(inherited)",
					"$(DEVELOPER_FRAMEWORKS_DIR)",
				);
				GCC_PRECOMPILE_PREFIX_HEADER = YES;
				GCC_PREFIX_HEADER = "In-AppPurchaseSample/In-AppPurchaseSample-Prefix.pch";
				GCC_PREPROCESSOR_DEFINITIONS = (
					"DEBUG=1",
					"$(inherited)",
				);
				INFOPLIST_FILE = "In-AppPurchaseSampleTests/In-AppPurchaseSampleTests-Info.plist";
				PRODUCT_NAME = "$(TARGET_NAME)";
				TEST_HOST = "$(BUNDLE_LOADER)";
				WRAPPER_EXTENSION = xctest;
			};
			name = Debug;
		};
		C299667919286CE20075AAE1 /* Release */ = {
			isa = XCBuildConfiguration;
			buildSettings = {
				BUNDLE_LOADER = "$(BUILT_PRODUCTS_DIR)/In-AppPurchaseSample.app/In-AppPurchaseSample";
				FRAMEWORK_SEARCH_PATHS = (
					"$(SDKROOT)/Developer/Library/Frameworks",
					"$(inherited)",
					"$(DEVELOPER_FRAMEWORKS_DIR)",
				);
				GCC_PRECOMPILE_PREFIX_HEADER = YES;
				GCC_PREFIX_HEADER = "In-AppPurchaseSample/In-AppPurchaseSample-Prefix.pch";
				INFOPLIST_FILE = "In-AppPurchaseSampleTests/In-AppPurchaseSampleTests-Info.plist";
				PRODUCT_NAME = "$(TARGET_NAME)";
				TEST_HOST = "$(BUNDLE_LOADER)";
				WRAPPER_EXTENSION = xctest;
			};
			name = Release;
		};
/* End XCBuildConfiguration section */

/* Begin XCConfigurationList section */
		C299663A19286CE20075AAE1 /* Build configuration list for PBXProject "In-AppPurchaseSample" */ = {
			isa = XCConfigurationList;
			buildConfigurations = (
				C299667219286CE20075AAE1 /* Debug */,
				C299667319286CE20075AAE1 /* Release */,
			);
			defaultConfigurationIsVisible = 0;
			defaultConfigurationName = Release;
		};
		C299667419286CE20075AAE1 /* Build configuration list for PBXNativeTarget "In-AppPurchaseSample" */ = {
			isa = XCConfigurationList;
			buildConfigurations = (
				C299667519286CE20075AAE1 /* Debug */,
				C299667619286CE20075AAE1 /* Release */,
			);
			defaultConfigurationIsVisible = 0;
		};
		C299667719286CE20075AAE1 /* Build configuration list for PBXNativeTarget "In-AppPurchaseSampleTests" */ = {
			isa = XCConfigurationList;
			buildConfigurations = (
				C299667819286CE20075AAE1 /* Debug */,
				C299667919286CE20075AAE1 /* Release */,
			);
			defaultConfigurationIsVisible = 0;
		};
/* End XCConfigurationList section */
	};
	rootObject = C299663719286CE20075AAE1 /* Project object */;
}
